
Microsoft Visual Studio Solution File, Format Version 12.00
# Visual Studio 15
VisualStudioVersion = 15.0.28307.1500
MinimumVisualStudioVersion = 10.0.40219.1
Project("{FAE04EC0-301F-11D3-BF4B-00C04F79EFBC}") = "ConfigMaker", "ConfigMaker\ConfigMaker.csproj", "{9CE61AB8-5E81-4775-8984-30AB255804FE}"
EndProject
Project("{2150E333-8FDC-42A3-9474-1A3956D46DE8}") = "Solution Items", "Solution Items", "{641D9F38-2EA2-4108-86FE-E5EC6FBDDF6C}"
EndProject
Global
	GlobalSection(SolutionConfigurationPlatforms) = preSolution
		Debug|Any CPU = Debug|Any CPU
		Release|Any CPU = Release|Any CPU
	EndGlobalSection
	GlobalSection(ProjectConfigurationPlatforms) = postSolution
		{9CE61AB8-5E81-4775-8984-30AB255804FE}.Debug|Any CPU.ActiveCfg = Debug|Any CPU
		{9CE61AB8-5E81-4775-8984-30AB255804FE}.Debug|Any CPU.Build.0 = Debug|Any CPU
		{9CE61AB8-5E81-4775-8984-30AB255804FE}.Release|Any CPU.ActiveCfg = Release|Any CPU
		{9CE61AB8-5E81-4775-8984-30AB255804FE}.Release|Any CPU.Build.0 = Release|Any CPU
	EndGlobalSection
	GlobalSection(SolutionProperties) = preSolution
		HideSolutionNode = FALSE
	EndGlobalSection
	GlobalSection(ExtensibilityGlobals) = postSolution
		SolutionGuid = {19C0FBC7-D0AE-4496-9D7B-B7988C07B73D}
	EndGlobalSection
EndGlobal
